// !$*UTF8*$!
{
	archiveVersion = 1;
	classes = {
	};
	objectVersion = 52;
	objects = {

/* Begin PBXBuildFile section */
		2B104F59279563250018C955 /* HappyTimeMacApp.swift in Sources */ = {isa = PBXBuildFile; fileRef = 2B104F58279563250018C955 /* HappyTimeMacApp.swift */; };
		2B104F5B279563250018C955 /* MainView.swift in Sources */ = {isa = PBXBuildFile; fileRef = 2B104F5A279563250018C955 /* MainView.swift */; };
		2B104F5D279563260018C955 /* Assets.xcassets in Resources */ = {isa = PBXBuildFile; fileRef = 2B104F5C279563260018C955 /* Assets.xcassets */; };
		2B104F60279563260018C955 /* Preview Assets.xcassets in Resources */ = {isa = PBXBuildFile; fileRef = 2B104F5F279563260018C955 /* Preview Assets.xcassets */; };
		2B104F68279569990018C955 /* GoogleService-Info.plist in Resources */ = {isa = PBXBuildFile; fileRef = 2B104F67279569990018C955 /* GoogleService-Info.plist */; };
		2B104F6A279574EB0018C955 /* MainViewModel.swift in Sources */ = {isa = PBXBuildFile; fileRef = 2B104F69279574EB0018C955 /* MainViewModel.swift */; };
		2B104F6D279577B40018C955 /* User.swift in Sources */ = {isa = PBXBuildFile; fileRef = 2B104F6C279577B40018C955 /* User.swift */; };
		2B104F7127957FC60018C955 /* TextFieldView.swift in Sources */ = {isa = PBXBuildFile; fileRef = FFD9E76926CDF4B800362C24 /* TextFieldView.swift */; };
		2B104F72279581650018C955 /* WebService.swift in Sources */ = {isa = PBXBuildFile; fileRef = FF95F77326CE5003005CE9D5 /* WebService.swift */; };
		2B104F74279582130018C955 /* ClockResponse.swift in Sources */ = {isa = PBXBuildFile; fileRef = FFFF0BFD26D4DF560043ECE0 /* ClockResponse.swift */; };
		2B104F75279582430018C955 /* AttendanceResponse.swift in Sources */ = {isa = PBXBuildFile; fileRef = FFA6620526E21069004F061E /* AttendanceResponse.swift */; };
		2B104F76279582AA0018C955 /* Extension.swift in Sources */ = {isa = PBXBuildFile; fileRef = FFBB956526D48E8C0071ABD1 /* Extension.swift */; };
		2BD2F2F72795D113006FA94E /* Clock.swift in Sources */ = {isa = PBXBuildFile; fileRef = 2BD2F2F62795D113006FA94E /* Clock.swift */; };
		2BFCE20A2796A68300BA5505 /* GoogleService-Info.plist in Resources */ = {isa = PBXBuildFile; fileRef = 2BFCE2092796A68300BA5505 /* GoogleService-Info.plist */; };
		2BFCE20E2796A7CB00BA5505 /* IPMainView.swift in Sources */ = {isa = PBXBuildFile; fileRef = 2BFCE20D2796A77200BA5505 /* IPMainView.swift */; };
		2BFCE20F2796A81900BA5505 /* IPMainViewModel.swift in Sources */ = {isa = PBXBuildFile; fileRef = 2BFCE20C2796A77200BA5505 /* IPMainViewModel.swift */; };
		2BFCE21027995BB700BA5505 /* Clock.swift in Sources */ = {isa = PBXBuildFile; fileRef = 2BD2F2F62795D113006FA94E /* Clock.swift */; };
		4307DD4228349A0C004074B5 /* WidgetKit.framework in Frameworks */ = {isa = PBXBuildFile; fileRef = 4307DD4128349A0C004074B5 /* WidgetKit.framework */; };
		4307DD4428349A0C004074B5 /* SwiftUI.framework in Frameworks */ = {isa = PBXBuildFile; fileRef = 4307DD4328349A0C004074B5 /* SwiftUI.framework */; };
		4307DD4728349A0C004074B5 /* WidgetView.swift in Sources */ = {isa = PBXBuildFile; fileRef = 4307DD4628349A0C004074B5 /* WidgetView.swift */; };
		4307DD4928349A0D004074B5 /* Assets.xcassets in Resources */ = {isa = PBXBuildFile; fileRef = 4307DD4828349A0D004074B5 /* Assets.xcassets */; };
		4307DD4D28349A0D004074B5 /* WidgetViewExtension.appex in Embed App Extensions */ = {isa = PBXBuildFile; fileRef = 4307DD4028349A0C004074B5 /* WidgetViewExtension.appex */; settings = {ATTRIBUTES = (RemoveHeadersOnCopy, ); }; };
		4307DD532834A46F004074B5 /* WidgetViewModel.swift in Sources */ = {isa = PBXBuildFile; fileRef = 4307DD522834A46F004074B5 /* WidgetViewModel.swift */; };
		4307DD542834A52B004074B5 /* WidgetViewModel.swift in Sources */ = {isa = PBXBuildFile; fileRef = 4307DD522834A46F004074B5 /* WidgetViewModel.swift */; };
		4321FA012886A593001D8241 /* FirebaseDatabase in Frameworks */ = {isa = PBXBuildFile; productRef = 4321FA002886A593001D8241 /* FirebaseDatabase */; };
		4321FA032886A593001D8241 /* FirebaseFirestore in Frameworks */ = {isa = PBXBuildFile; productRef = 4321FA022886A593001D8241 /* FirebaseFirestore */; };
		4330E811288655F90031B581 /* MainViewModel_Realtime.swift in Sources */ = {isa = PBXBuildFile; fileRef = 4330E810288655F90031B581 /* MainViewModel_Realtime.swift */; };
		4330E82D288684D30031B581 /* ClockResponse.swift in Sources */ = {isa = PBXBuildFile; fileRef = FFFF0BFD26D4DF560043ECE0 /* ClockResponse.swift */; };
		4330E82E288685420031B581 /* GoogleService-Info.plist in Resources */ = {isa = PBXBuildFile; fileRef = 2BFCE2092796A68300BA5505 /* GoogleService-Info.plist */; };
		4330E830288691530031B581 /* Clock.swift in Sources */ = {isa = PBXBuildFile; fileRef = 2BD2F2F62795D113006FA94E /* Clock.swift */; };
		43B60A5D2885513100502B99 /* Assets.xcassets in Resources */ = {isa = PBXBuildFile; fileRef = 43B60A5C2885513100502B99 /* Assets.xcassets */; };
		43B60A632885513100502B99 /* HappyTimeWatch WatchKit Extension.appex in Embed App Extensions */ = {isa = PBXBuildFile; fileRef = 43B60A622885513100502B99 /* HappyTimeWatch WatchKit Extension.appex */; settings = {ATTRIBUTES = (RemoveHeadersOnCopy, ); }; };
		43B60A682885513100502B99 /* HappyTimeApp.swift in Sources */ = {isa = PBXBuildFile; fileRef = 43B60A672885513100502B99 /* HappyTimeApp.swift */; };
		43B60A6A2885513100502B99 /* ContentView.swift in Sources */ = {isa = PBXBuildFile; fileRef = 43B60A692885513100502B99 /* ContentView.swift */; };
		43B60A6C2885513100502B99 /* NotificationController.swift in Sources */ = {isa = PBXBuildFile; fileRef = 43B60A6B2885513100502B99 /* NotificationController.swift */; };
		43B60A6E2885513100502B99 /* NotificationView.swift in Sources */ = {isa = PBXBuildFile; fileRef = 43B60A6D2885513100502B99 /* NotificationView.swift */; };
		43B60A702885513100502B99 /* ComplicationController.swift in Sources */ = {isa = PBXBuildFile; fileRef = 43B60A6F2885513100502B99 /* ComplicationController.swift */; };
		43B60A722885513300502B99 /* Assets.xcassets in Resources */ = {isa = PBXBuildFile; fileRef = 43B60A712885513300502B99 /* Assets.xcassets */; };
		43B60A752885513300502B99 /* Preview Assets.xcassets in Resources */ = {isa = PBXBuildFile; fileRef = 43B60A742885513300502B99 /* Preview Assets.xcassets */; };
		43B60A7A2885513300502B99 /* HappyTimeWatch.app in Embed Watch Content */ = {isa = PBXBuildFile; fileRef = 43B60A5A2885513000502B99 /* HappyTimeWatch.app */; settings = {ATTRIBUTES = (RemoveHeadersOnCopy, ); }; };
		43B60A8E2885646E00502B99 /* WatchViewModel.swift in Sources */ = {isa = PBXBuildFile; fileRef = 43B60A8D2885646E00502B99 /* WatchViewModel.swift */; };
		43BA03942887B29800EC7755 /* UserDefaults+.swift in Sources */ = {isa = PBXBuildFile; fileRef = 43BA03932887B29800EC7755 /* UserDefaults+.swift */; };
		43BBE5402886AE1500AAFC1A /* WebService.swift in Sources */ = {isa = PBXBuildFile; fileRef = FF95F77326CE5003005CE9D5 /* WebService.swift */; };
		43BBE5432886AE5D00AAFC1A /* SwiftSoup in Frameworks */ = {isa = PBXBuildFile; productRef = 43BBE5422886AE5D00AAFC1A /* SwiftSoup */; };
		43BBE5442886AEDA00AAFC1A /* Extension.swift in Sources */ = {isa = PBXBuildFile; fileRef = FFBB956526D48E8C0071ABD1 /* Extension.swift */; };
		43BBE5452886AEE000AAFC1A /* AttendanceResponse.swift in Sources */ = {isa = PBXBuildFile; fileRef = FFA6620526E21069004F061E /* AttendanceResponse.swift */; };
		5FB7A327C6E7413AD6C743C1 /* Pods_HappyTimeMac.framework in Frameworks */ = {isa = PBXBuildFile; fileRef = B6D1D8899AB5652A6F7E135A /* Pods_HappyTimeMac.framework */; };
		7DAAF53F0852C8CD9E37C692 /* Pods_HappyTime.framework in Frameworks */ = {isa = PBXBuildFile; fileRef = 9582EAB0A33203748EC9CE13 /* Pods_HappyTime.framework */; };
		FF95F77226CE3B72005CE9D5 /* MainViewModel.swift in Sources */ = {isa = PBXBuildFile; fileRef = FF95F77126CE3B72005CE9D5 /* MainViewModel.swift */; };
		FF95F77426CE5003005CE9D5 /* WebService.swift in Sources */ = {isa = PBXBuildFile; fileRef = FF95F77326CE5003005CE9D5 /* WebService.swift */; };
		FFA6620626E21069004F061E /* AttendanceResponse.swift in Sources */ = {isa = PBXBuildFile; fileRef = FFA6620526E21069004F061E /* AttendanceResponse.swift */; };
		FFAB1A45277D6B73007C5A5D /* AppDelegate.swift in Sources */ = {isa = PBXBuildFile; fileRef = FFAB1A44277D6B73007C5A5D /* AppDelegate.swift */; };
		FFB0DE1027829CD3006A0029 /* AppManager.swift in Sources */ = {isa = PBXBuildFile; fileRef = FFB0DE0F27829CD3006A0029 /* AppManager.swift */; };
		FFBB956626D48E8C0071ABD1 /* Extension.swift in Sources */ = {isa = PBXBuildFile; fileRef = FFBB956526D48E8C0071ABD1 /* Extension.swift */; };
		FFBF77FB26E73C8600E8F653 /* PunchView.swift in Sources */ = {isa = PBXBuildFile; fileRef = FFBF77FA26E73C8600E8F653 /* PunchView.swift */; };
		FFBF77FD26E7433F00E8F653 /* LoadingView.swift in Sources */ = {isa = PBXBuildFile; fileRef = FFBF77FC26E7433F00E8F653 /* LoadingView.swift */; };
		FFBF77FF26E7471300E8F653 /* ArcsView.swift in Sources */ = {isa = PBXBuildFile; fileRef = FFBF77FE26E7471300E8F653 /* ArcsView.swift */; };
		FFBF780126E74C7300E8F653 /* BarsView.swift in Sources */ = {isa = PBXBuildFile; fileRef = FFBF780026E74C7300E8F653 /* BarsView.swift */; };
		FFBF780426E74F1C00E8F653 /* BlinkingView.swift in Sources */ = {isa = PBXBuildFile; fileRef = FFBF780326E74F1C00E8F653 /* BlinkingView.swift */; };
		FFD4D710277C31D6009AF0A8 /* WebView.swift in Sources */ = {isa = PBXBuildFile; fileRef = FFD4D70F277C31D6009AF0A8 /* WebView.swift */; };
		FFD4D713277C36A9009AF0A8 /* AttendanceWebView.swift in Sources */ = {isa = PBXBuildFile; fileRef = FFD4D712277C36A9009AF0A8 /* AttendanceWebView.swift */; };
		FFD4D715277C706C009AF0A8 /* NotificationIcon.png in Resources */ = {isa = PBXBuildFile; fileRef = FFD4D714277C706C009AF0A8 /* NotificationIcon.png */; };
		FFD9E75726CDEF3200362C24 /* HappyTimeApp.swift in Sources */ = {isa = PBXBuildFile; fileRef = FFD9E75626CDEF3200362C24 /* HappyTimeApp.swift */; };
		FFD9E75B26CDEF3300362C24 /* Assets.xcassets in Resources */ = {isa = PBXBuildFile; fileRef = FFD9E75A26CDEF3300362C24 /* Assets.xcassets */; };
		FFD9E75E26CDEF3300362C24 /* Preview Assets.xcassets in Resources */ = {isa = PBXBuildFile; fileRef = FFD9E75D26CDEF3300362C24 /* Preview Assets.xcassets */; };
		FFD9E76626CDEF6100362C24 /* MainView.swift in Sources */ = {isa = PBXBuildFile; fileRef = FFD9E76526CDEF6100362C24 /* MainView.swift */; };
		FFD9E76826CDF3FF00362C24 /* ButtonView.swift in Sources */ = {isa = PBXBuildFile; fileRef = FFD9E76726CDF3FF00362C24 /* ButtonView.swift */; };
		FFD9E76A26CDF4B800362C24 /* TextFieldView.swift in Sources */ = {isa = PBXBuildFile; fileRef = FFD9E76926CDF4B800362C24 /* TextFieldView.swift */; };
		FFFF0BFE26D4DF560043ECE0 /* ClockResponse.swift in Sources */ = {isa = PBXBuildFile; fileRef = FFFF0BFD26D4DF560043ECE0 /* ClockResponse.swift */; };
/* End PBXBuildFile section */

/* Begin PBXContainerItemProxy section */
		4307DD4B28349A0D004074B5 /* PBXContainerItemProxy */ = {
			isa = PBXContainerItemProxy;
			containerPortal = FFD9E74B26CDEF3200362C24 /* Project object */;
			proxyType = 1;
			remoteGlobalIDString = 4307DD3F28349A0C004074B5;
			remoteInfo = WidgetViewExtension;
		};
		43B60A642885513100502B99 /* PBXContainerItemProxy */ = {
			isa = PBXContainerItemProxy;
			containerPortal = FFD9E74B26CDEF3200362C24 /* Project object */;
			proxyType = 1;
			remoteGlobalIDString = 43B60A612885513100502B99;
			remoteInfo = "HappyTimeWatch WatchKit Extension";
		};
		43B60A782885513300502B99 /* PBXContainerItemProxy */ = {
			isa = PBXContainerItemProxy;
			containerPortal = FFD9E74B26CDEF3200362C24 /* Project object */;
			proxyType = 1;
			remoteGlobalIDString = 43B60A592885513000502B99;
			remoteInfo = HappyTimeWatch;
		};
/* End PBXContainerItemProxy section */

/* Begin PBXCopyFilesBuildPhase section */
		4307DD4E28349A0D004074B5 /* Embed App Extensions */ = {
			isa = PBXCopyFilesBuildPhase;
			buildActionMask = 2147483647;
			dstPath = "";
			dstSubfolderSpec = 13;
			files = (
				4307DD4D28349A0D004074B5 /* WidgetViewExtension.appex in Embed App Extensions */,
			);
			name = "Embed App Extensions";
			runOnlyForDeploymentPostprocessing = 0;
		};
		43B60A7B2885513300502B99 /* Embed Watch Content */ = {
			isa = PBXCopyFilesBuildPhase;
			buildActionMask = 2147483647;
			dstPath = "$(CONTENTS_FOLDER_PATH)/Watch";
			dstSubfolderSpec = 16;
			files = (
				43B60A7A2885513300502B99 /* HappyTimeWatch.app in Embed Watch Content */,
			);
			name = "Embed Watch Content";
			runOnlyForDeploymentPostprocessing = 0;
		};
		43B60A7E2885513300502B99 /* Embed App Extensions */ = {
			isa = PBXCopyFilesBuildPhase;
			buildActionMask = 2147483647;
			dstPath = "";
			dstSubfolderSpec = 13;
			files = (
				43B60A632885513100502B99 /* HappyTimeWatch WatchKit Extension.appex in Embed App Extensions */,
			);
			name = "Embed App Extensions";
			runOnlyForDeploymentPostprocessing = 0;
		};
/* End PBXCopyFilesBuildPhase section */

/* Begin PBXFileReference section */
		2B104F56279563250018C955 /* HappyTimeMac.app */ = {isa = PBXFileReference; explicitFileType = wrapper.application; includeInIndex = 0; path = HappyTimeMac.app; sourceTree = BUILT_PRODUCTS_DIR; };
		2B104F58279563250018C955 /* HappyTimeMacApp.swift */ = {isa = PBXFileReference; lastKnownFileType = sourcecode.swift; path = HappyTimeMacApp.swift; sourceTree = "<group>"; };
		2B104F5A279563250018C955 /* MainView.swift */ = {isa = PBXFileReference; lastKnownFileType = sourcecode.swift; path = MainView.swift; sourceTree = "<group>"; };
		2B104F5C279563260018C955 /* Assets.xcassets */ = {isa = PBXFileReference; lastKnownFileType = folder.assetcatalog; path = Assets.xcassets; sourceTree = "<group>"; };
		2B104F5F279563260018C955 /* Preview Assets.xcassets */ = {isa = PBXFileReference; lastKnownFileType = folder.assetcatalog; path = "Preview Assets.xcassets"; sourceTree = "<group>"; };
		2B104F61279563260018C955 /* HappyTimeMac.entitlements */ = {isa = PBXFileReference; lastKnownFileType = text.plist.entitlements; path = HappyTimeMac.entitlements; sourceTree = "<group>"; };
		2B104F67279569990018C955 /* GoogleService-Info.plist */ = {isa = PBXFileReference; fileEncoding = 4; lastKnownFileType = text.plist.xml; path = "GoogleService-Info.plist"; sourceTree = "<group>"; };
		2B104F69279574EB0018C955 /* MainViewModel.swift */ = {isa = PBXFileReference; lastKnownFileType = sourcecode.swift; path = MainViewModel.swift; sourceTree = "<group>"; };
		2B104F6C279577B40018C955 /* User.swift */ = {isa = PBXFileReference; lastKnownFileType = sourcecode.swift; path = User.swift; sourceTree = "<group>"; };
		2BD2F2F62795D113006FA94E /* Clock.swift */ = {isa = PBXFileReference; lastKnownFileType = sourcecode.swift; path = Clock.swift; sourceTree = "<group>"; };
		2BFCE2092796A68300BA5505 /* GoogleService-Info.plist */ = {isa = PBXFileReference; fileEncoding = 4; lastKnownFileType = text.plist.xml; path = "GoogleService-Info.plist"; sourceTree = "<group>"; };
		2BFCE20C2796A77200BA5505 /* IPMainViewModel.swift */ = {isa = PBXFileReference; lastKnownFileType = sourcecode.swift; path = IPMainViewModel.swift; sourceTree = "<group>"; };
		2BFCE20D2796A77200BA5505 /* IPMainView.swift */ = {isa = PBXFileReference; lastKnownFileType = sourcecode.swift; path = IPMainView.swift; sourceTree = "<group>"; };
		4307DD4028349A0C004074B5 /* WidgetViewExtension.appex */ = {isa = PBXFileReference; explicitFileType = "wrapper.app-extension"; includeInIndex = 0; path = WidgetViewExtension.appex; sourceTree = BUILT_PRODUCTS_DIR; };
		4307DD4128349A0C004074B5 /* WidgetKit.framework */ = {isa = PBXFileReference; lastKnownFileType = wrapper.framework; name = WidgetKit.framework; path = System/Library/Frameworks/WidgetKit.framework; sourceTree = SDKROOT; };
		4307DD4328349A0C004074B5 /* SwiftUI.framework */ = {isa = PBXFileReference; lastKnownFileType = wrapper.framework; name = SwiftUI.framework; path = System/Library/Frameworks/SwiftUI.framework; sourceTree = SDKROOT; };
		4307DD4628349A0C004074B5 /* WidgetView.swift */ = {isa = PBXFileReference; lastKnownFileType = sourcecode.swift; path = WidgetView.swift; sourceTree = "<group>"; };
		4307DD4828349A0D004074B5 /* Assets.xcassets */ = {isa = PBXFileReference; lastKnownFileType = folder.assetcatalog; path = Assets.xcassets; sourceTree = "<group>"; };
		4307DD4A28349A0D004074B5 /* Info.plist */ = {isa = PBXFileReference; lastKnownFileType = text.plist.xml; path = Info.plist; sourceTree = "<group>"; };
		4307DD522834A46F004074B5 /* WidgetViewModel.swift */ = {isa = PBXFileReference; lastKnownFileType = sourcecode.swift; path = WidgetViewModel.swift; sourceTree = "<group>"; };
		4330E810288655F90031B581 /* MainViewModel_Realtime.swift */ = {isa = PBXFileReference; lastKnownFileType = sourcecode.swift; path = MainViewModel_Realtime.swift; sourceTree = "<group>"; };
		4330E8322886A1500031B581 /* FirebaseDatabase.framework */ = {isa = PBXFileReference; explicitFileType = wrapper.framework; path = FirebaseDatabase.framework; sourceTree = BUILT_PRODUCTS_DIR; };
		4330E8362886A1750031B581 /* FirebaseFirestore.framework */ = {isa = PBXFileReference; explicitFileType = wrapper.framework; path = FirebaseFirestore.framework; sourceTree = BUILT_PRODUCTS_DIR; };
		43B60A5A2885513000502B99 /* HappyTimeWatch.app */ = {isa = PBXFileReference; explicitFileType = wrapper.application; includeInIndex = 0; path = HappyTimeWatch.app; sourceTree = BUILT_PRODUCTS_DIR; };
		43B60A5C2885513100502B99 /* Assets.xcassets */ = {isa = PBXFileReference; lastKnownFileType = folder.assetcatalog; path = Assets.xcassets; sourceTree = "<group>"; };
		43B60A622885513100502B99 /* HappyTimeWatch WatchKit Extension.appex */ = {isa = PBXFileReference; explicitFileType = "wrapper.app-extension"; includeInIndex = 0; path = "HappyTimeWatch WatchKit Extension.appex"; sourceTree = BUILT_PRODUCTS_DIR; };
		43B60A672885513100502B99 /* HappyTimeApp.swift */ = {isa = PBXFileReference; lastKnownFileType = sourcecode.swift; path = HappyTimeApp.swift; sourceTree = "<group>"; };
		43B60A692885513100502B99 /* ContentView.swift */ = {isa = PBXFileReference; lastKnownFileType = sourcecode.swift; path = ContentView.swift; sourceTree = "<group>"; };
		43B60A6B2885513100502B99 /* NotificationController.swift */ = {isa = PBXFileReference; lastKnownFileType = sourcecode.swift; path = NotificationController.swift; sourceTree = "<group>"; };
		43B60A6D2885513100502B99 /* NotificationView.swift */ = {isa = PBXFileReference; lastKnownFileType = sourcecode.swift; path = NotificationView.swift; sourceTree = "<group>"; };
		43B60A6F2885513100502B99 /* ComplicationController.swift */ = {isa = PBXFileReference; lastKnownFileType = sourcecode.swift; path = ComplicationController.swift; sourceTree = "<group>"; };
		43B60A712885513300502B99 /* Assets.xcassets */ = {isa = PBXFileReference; lastKnownFileType = folder.assetcatalog; path = Assets.xcassets; sourceTree = "<group>"; };
		43B60A742885513300502B99 /* Preview Assets.xcassets */ = {isa = PBXFileReference; lastKnownFileType = folder.assetcatalog; path = "Preview Assets.xcassets"; sourceTree = "<group>"; };
		43B60A762885513300502B99 /* Info.plist */ = {isa = PBXFileReference; lastKnownFileType = text.plist.xml; path = Info.plist; sourceTree = "<group>"; };
		43B60A772885513300502B99 /* PushNotificationPayload.apns */ = {isa = PBXFileReference; lastKnownFileType = text; path = PushNotificationPayload.apns; sourceTree = "<group>"; };
		43B60A8D2885646E00502B99 /* WatchViewModel.swift */ = {isa = PBXFileReference; lastKnownFileType = sourcecode.swift; path = WatchViewModel.swift; sourceTree = "<group>"; };
		43BA03932887B29800EC7755 /* UserDefaults+.swift */ = {isa = PBXFileReference; lastKnownFileType = sourcecode.swift; path = "UserDefaults+.swift"; sourceTree = "<group>"; };
		43BBE5462886B1D700AAFC1A /* UserNotifications.framework */ = {isa = PBXFileReference; lastKnownFileType = wrapper.framework; name = UserNotifications.framework; path = Platforms/WatchOS.platform/Developer/SDKs/WatchOS8.5.sdk/System/Library/Frameworks/UserNotifications.framework; sourceTree = DEVELOPER_DIR; };
		43BBE54C2886B27200AAFC1A /* UserNotificationsUI.framework */ = {isa = PBXFileReference; lastKnownFileType = wrapper.framework; name = UserNotificationsUI.framework; path = Platforms/WatchOS.platform/Developer/SDKs/WatchOS8.5.sdk/System/Library/Frameworks/UserNotificationsUI.framework; sourceTree = DEVELOPER_DIR; };
		9582EAB0A33203748EC9CE13 /* Pods_HappyTime.framework */ = {isa = PBXFileReference; explicitFileType = wrapper.framework; includeInIndex = 0; path = Pods_HappyTime.framework; sourceTree = BUILT_PRODUCTS_DIR; };
		9627B7EAA14843BA1593BBFC /* Pods-HappyTimeMac.release.xcconfig */ = {isa = PBXFileReference; includeInIndex = 1; lastKnownFileType = text.xcconfig; name = "Pods-HappyTimeMac.release.xcconfig"; path = "Target Support Files/Pods-HappyTimeMac/Pods-HappyTimeMac.release.xcconfig"; sourceTree = "<group>"; };
		B6D1D8899AB5652A6F7E135A /* Pods_HappyTimeMac.framework */ = {isa = PBXFileReference; explicitFileType = wrapper.framework; includeInIndex = 0; path = Pods_HappyTimeMac.framework; sourceTree = BUILT_PRODUCTS_DIR; };
		C99518441F02D049608D9FBF /* Pods-HappyTime.debug.xcconfig */ = {isa = PBXFileReference; includeInIndex = 1; lastKnownFileType = text.xcconfig; name = "Pods-HappyTime.debug.xcconfig"; path = "Target Support Files/Pods-HappyTime/Pods-HappyTime.debug.xcconfig"; sourceTree = "<group>"; };
		DDE65A5AC90580F63E70475A /* Pods-HappyTimeMac.debug.xcconfig */ = {isa = PBXFileReference; includeInIndex = 1; lastKnownFileType = text.xcconfig; name = "Pods-HappyTimeMac.debug.xcconfig"; path = "Target Support Files/Pods-HappyTimeMac/Pods-HappyTimeMac.debug.xcconfig"; sourceTree = "<group>"; };
		F8823F04EBA048D2E1E12D82 /* Pods-HappyTime.release.xcconfig */ = {isa = PBXFileReference; includeInIndex = 1; lastKnownFileType = text.xcconfig; name = "Pods-HappyTime.release.xcconfig"; path = "Target Support Files/Pods-HappyTime/Pods-HappyTime.release.xcconfig"; sourceTree = "<group>"; };
		FF95F77026CE3791005CE9D5 /* HappyTimeRelease.entitlements */ = {isa = PBXFileReference; lastKnownFileType = text.plist.entitlements; path = HappyTimeRelease.entitlements; sourceTree = "<group>"; };
		FF95F77126CE3B72005CE9D5 /* MainViewModel.swift */ = {isa = PBXFileReference; lastKnownFileType = sourcecode.swift; path = MainViewModel.swift; sourceTree = "<group>"; };
		FF95F77326CE5003005CE9D5 /* WebService.swift */ = {isa = PBXFileReference; lastKnownFileType = sourcecode.swift; path = WebService.swift; sourceTree = "<group>"; };
		FFA6620526E21069004F061E /* AttendanceResponse.swift */ = {isa = PBXFileReference; lastKnownFileType = sourcecode.swift; path = AttendanceResponse.swift; sourceTree = "<group>"; };
		FFAB1A44277D6B73007C5A5D /* AppDelegate.swift */ = {isa = PBXFileReference; lastKnownFileType = sourcecode.swift; path = AppDelegate.swift; sourceTree = "<group>"; };
		FFB0DE0F27829CD3006A0029 /* AppManager.swift */ = {isa = PBXFileReference; lastKnownFileType = sourcecode.swift; path = AppManager.swift; sourceTree = "<group>"; };
		FFBB956526D48E8C0071ABD1 /* Extension.swift */ = {isa = PBXFileReference; lastKnownFileType = sourcecode.swift; path = Extension.swift; sourceTree = "<group>"; };
		FFBF77FA26E73C8600E8F653 /* PunchView.swift */ = {isa = PBXFileReference; lastKnownFileType = sourcecode.swift; path = PunchView.swift; sourceTree = "<group>"; };
		FFBF77FC26E7433F00E8F653 /* LoadingView.swift */ = {isa = PBXFileReference; lastKnownFileType = sourcecode.swift; path = LoadingView.swift; sourceTree = "<group>"; };
		FFBF77FE26E7471300E8F653 /* ArcsView.swift */ = {isa = PBXFileReference; lastKnownFileType = sourcecode.swift; path = ArcsView.swift; sourceTree = "<group>"; };
		FFBF780026E74C7300E8F653 /* BarsView.swift */ = {isa = PBXFileReference; lastKnownFileType = sourcecode.swift; path = BarsView.swift; sourceTree = "<group>"; };
		FFBF780326E74F1C00E8F653 /* BlinkingView.swift */ = {isa = PBXFileReference; lastKnownFileType = sourcecode.swift; path = BlinkingView.swift; sourceTree = "<group>"; };
		FFD4D70F277C31D6009AF0A8 /* WebView.swift */ = {isa = PBXFileReference; lastKnownFileType = sourcecode.swift; path = WebView.swift; sourceTree = "<group>"; };
		FFD4D712277C36A9009AF0A8 /* AttendanceWebView.swift */ = {isa = PBXFileReference; lastKnownFileType = sourcecode.swift; path = AttendanceWebView.swift; sourceTree = "<group>"; };
		FFD4D714277C706C009AF0A8 /* NotificationIcon.png */ = {isa = PBXFileReference; lastKnownFileType = image.png; path = NotificationIcon.png; sourceTree = "<group>"; };
		FFD9E75326CDEF3200362C24 /* HappyTime.app */ = {isa = PBXFileReference; explicitFileType = wrapper.application; includeInIndex = 0; path = HappyTime.app; sourceTree = BUILT_PRODUCTS_DIR; };
		FFD9E75626CDEF3200362C24 /* HappyTimeApp.swift */ = {isa = PBXFileReference; lastKnownFileType = sourcecode.swift; path = HappyTimeApp.swift; sourceTree = "<group>"; };
		FFD9E75A26CDEF3300362C24 /* Assets.xcassets */ = {isa = PBXFileReference; lastKnownFileType = folder.assetcatalog; path = Assets.xcassets; sourceTree = "<group>"; };
		FFD9E75D26CDEF3300362C24 /* Preview Assets.xcassets */ = {isa = PBXFileReference; lastKnownFileType = folder.assetcatalog; path = "Preview Assets.xcassets"; sourceTree = "<group>"; };
		FFD9E75F26CDEF3300362C24 /* Info.plist */ = {isa = PBXFileReference; lastKnownFileType = text.plist.xml; path = Info.plist; sourceTree = "<group>"; };
		FFD9E76526CDEF6100362C24 /* MainView.swift */ = {isa = PBXFileReference; lastKnownFileType = sourcecode.swift; path = MainView.swift; sourceTree = "<group>"; };
		FFD9E76726CDF3FF00362C24 /* ButtonView.swift */ = {isa = PBXFileReference; lastKnownFileType = sourcecode.swift; path = ButtonView.swift; sourceTree = "<group>"; };
		FFD9E76926CDF4B800362C24 /* TextFieldView.swift */ = {isa = PBXFileReference; lastKnownFileType = sourcecode.swift; path = TextFieldView.swift; sourceTree = "<group>"; };
		FFFF0BFD26D4DF560043ECE0 /* ClockResponse.swift */ = {isa = PBXFileReference; lastKnownFileType = sourcecode.swift; path = ClockResponse.swift; sourceTree = "<group>"; };
/* End PBXFileReference section */

/* Begin PBXFrameworksBuildPhase section */
		2B104F53279563250018C955 /* Frameworks */ = {
			isa = PBXFrameworksBuildPhase;
			buildActionMask = 2147483647;
			files = (
				5FB7A327C6E7413AD6C743C1 /* Pods_HappyTimeMac.framework in Frameworks */,
			);
			runOnlyForDeploymentPostprocessing = 0;
		};
		4307DD3D28349A0C004074B5 /* Frameworks */ = {
			isa = PBXFrameworksBuildPhase;
			buildActionMask = 2147483647;
			files = (
				4307DD4428349A0C004074B5 /* SwiftUI.framework in Frameworks */,
				4307DD4228349A0C004074B5 /* WidgetKit.framework in Frameworks */,
			);
			runOnlyForDeploymentPostprocessing = 0;
		};
		43B60A5F2885513100502B99 /* Frameworks */ = {
			isa = PBXFrameworksBuildPhase;
			buildActionMask = 2147483647;
			files = (
				4321FA012886A593001D8241 /* FirebaseDatabase in Frameworks */,
				4321FA032886A593001D8241 /* FirebaseFirestore in Frameworks */,
				43BBE5432886AE5D00AAFC1A /* SwiftSoup in Frameworks */,
			);
			runOnlyForDeploymentPostprocessing = 0;
		};
		90C5BF6B3FA6283C150A8D9C /* Frameworks */ = {
			isa = PBXFrameworksBuildPhase;
			buildActionMask = 2147483647;
			files = (
			);
			runOnlyForDeploymentPostprocessing = 0;
		};
		FFD9E75026CDEF3200362C24 /* Frameworks */ = {
			isa = PBXFrameworksBuildPhase;
			buildActionMask = 2147483647;
			files = (
				7DAAF53F0852C8CD9E37C692 /* Pods_HappyTime.framework in Frameworks */,
			);
			runOnlyForDeploymentPostprocessing = 0;
		};
/* End PBXFrameworksBuildPhase section */

/* Begin PBXGroup section */
		2B104F57279563250018C955 /* HappyTimeMac */ = {
			isa = PBXGroup;
			children = (
				2B104F6B279577A20018C955 /* Models */,
				2B104F66279569900018C955 /* Resource */,
				2B104F58279563250018C955 /* HappyTimeMacApp.swift */,
				2B104F5A279563250018C955 /* MainView.swift */,
				2B104F69279574EB0018C955 /* MainViewModel.swift */,
				4330E810288655F90031B581 /* MainViewModel_Realtime.swift */,
				2B104F5C279563260018C955 /* Assets.xcassets */,
				2B104F61279563260018C955 /* HappyTimeMac.entitlements */,
				2B104F5E279563260018C955 /* Preview Content */,
			);
			path = HappyTimeMac;
			sourceTree = "<group>";
		};
		2B104F5E279563260018C955 /* Preview Content */ = {
			isa = PBXGroup;
			children = (
				2B104F5F279563260018C955 /* Preview Assets.xcassets */,
			);
			path = "Preview Content";
			sourceTree = "<group>";
		};
		2B104F66279569900018C955 /* Resource */ = {
			isa = PBXGroup;
			children = (
				2B104F67279569990018C955 /* GoogleService-Info.plist */,
			);
			path = Resource;
			sourceTree = "<group>";
		};
		2B104F6B279577A20018C955 /* Models */ = {
			isa = PBXGroup;
			children = (
				2B104F6C279577B40018C955 /* User.swift */,
				2BD2F2F62795D113006FA94E /* Clock.swift */,
			);
			path = Models;
			sourceTree = "<group>";
		};
		2BFCE2082796A5C000BA5505 /* Resource */ = {
			isa = PBXGroup;
			children = (
				2BFCE2092796A68300BA5505 /* GoogleService-Info.plist */,
				FF95F77026CE3791005CE9D5 /* HappyTimeRelease.entitlements */,
			);
			path = Resource;
			sourceTree = "<group>";
		};
		2BFCE20B2796A76100BA5505 /* IP Main */ = {
			isa = PBXGroup;
			children = (
				2BFCE20D2796A77200BA5505 /* IPMainView.swift */,
				2BFCE20C2796A77200BA5505 /* IPMainViewModel.swift */,
			);
			path = "IP Main";
			sourceTree = "<group>";
		};
		4307DD4528349A0C004074B5 /* WidgetView */ = {
			isa = PBXGroup;
			children = (
				4307DD4628349A0C004074B5 /* WidgetView.swift */,
				4307DD522834A46F004074B5 /* WidgetViewModel.swift */,
				4307DD4828349A0D004074B5 /* Assets.xcassets */,
				4307DD4A28349A0D004074B5 /* Info.plist */,
			);
			path = WidgetView;
			sourceTree = "<group>";
		};
		43B60A5B2885513000502B99 /* HappyTimeWatch */ = {
			isa = PBXGroup;
			children = (
				43B60A5C2885513100502B99 /* Assets.xcassets */,
			);
			path = HappyTimeWatch;
			sourceTree = "<group>";
		};
		43B60A662885513100502B99 /* HappyTimeWatch WatchKit Extension */ = {
			isa = PBXGroup;
			children = (
				43B60A672885513100502B99 /* HappyTimeApp.swift */,
				43B60A692885513100502B99 /* ContentView.swift */,
				43B60A8D2885646E00502B99 /* WatchViewModel.swift */,
				43BA03932887B29800EC7755 /* UserDefaults+.swift */,
				43B60A6B2885513100502B99 /* NotificationController.swift */,
				43B60A6D2885513100502B99 /* NotificationView.swift */,
				43B60A6F2885513100502B99 /* ComplicationController.swift */,
				43B60A712885513300502B99 /* Assets.xcassets */,
				43B60A762885513300502B99 /* Info.plist */,
				43B60A772885513300502B99 /* PushNotificationPayload.apns */,
				43B60A732885513300502B99 /* Preview Content */,
			);
			path = "HappyTimeWatch WatchKit Extension";
			sourceTree = "<group>";
		};
		43B60A732885513300502B99 /* Preview Content */ = {
			isa = PBXGroup;
			children = (
				43B60A742885513300502B99 /* Preview Assets.xcassets */,
			);
			path = "Preview Content";
			sourceTree = "<group>";
		};
		5C01B481582B0193B65561A9 /* Pods */ = {
			isa = PBXGroup;
			children = (
				C99518441F02D049608D9FBF /* Pods-HappyTime.debug.xcconfig */,
				F8823F04EBA048D2E1E12D82 /* Pods-HappyTime.release.xcconfig */,
				DDE65A5AC90580F63E70475A /* Pods-HappyTimeMac.debug.xcconfig */,
				9627B7EAA14843BA1593BBFC /* Pods-HappyTimeMac.release.xcconfig */,
			);
			path = Pods;
			sourceTree = "<group>";
		};
		D834EB6695D4534533451367 /* Frameworks */ = {
			isa = PBXGroup;
			children = (
				43BBE54C2886B27200AAFC1A /* UserNotificationsUI.framework */,
				43BBE5462886B1D700AAFC1A /* UserNotifications.framework */,
				4330E8362886A1750031B581 /* FirebaseFirestore.framework */,
				4330E8322886A1500031B581 /* FirebaseDatabase.framework */,
				4307DD4128349A0C004074B5 /* WidgetKit.framework */,
				4307DD4328349A0C004074B5 /* SwiftUI.framework */,
				9582EAB0A33203748EC9CE13 /* Pods_HappyTime.framework */,
				B6D1D8899AB5652A6F7E135A /* Pods_HappyTimeMac.framework */,
			);
			name = Frameworks;
			sourceTree = "<group>";
		};
		FFBB956726D49E960071ABD1 /* View */ = {
			isa = PBXGroup;
			children = (
				2BFCE20B2796A76100BA5505 /* IP Main */,
				FFD4D711277C35AB009AF0A8 /* Attendance Web */,
				FFBB956826D49EA30071ABD1 /* Main */,
				FFD9E76726CDF3FF00362C24 /* ButtonView.swift */,
				FFBF77FA26E73C8600E8F653 /* PunchView.swift */,
				FFD9E76926CDF4B800362C24 /* TextFieldView.swift */,
				FFBF77FC26E7433F00E8F653 /* LoadingView.swift */,
				FFD4D70F277C31D6009AF0A8 /* WebView.swift */,
				FFBF780226E74EEF00E8F653 /* Loading Animation */,
			);
			path = View;
			sourceTree = "<group>";
		};
		FFBB956826D49EA30071ABD1 /* Main */ = {
			isa = PBXGroup;
			children = (
				FFD9E76526CDEF6100362C24 /* MainView.swift */,
				FF95F77126CE3B72005CE9D5 /* MainViewModel.swift */,
			);
			path = Main;
			sourceTree = "<group>";
		};
		FFBB956926D49EBB0071ABD1 /* Utility */ = {
			isa = PBXGroup;
			children = (
				FF95F77326CE5003005CE9D5 /* WebService.swift */,
				FFBB956526D48E8C0071ABD1 /* Extension.swift */,
				FFB0DE0F27829CD3006A0029 /* AppManager.swift */,
			);
			path = Utility;
			sourceTree = "<group>";
		};
		FFBF780226E74EEF00E8F653 /* Loading Animation */ = {
			isa = PBXGroup;
			children = (
				FFBF77FE26E7471300E8F653 /* ArcsView.swift */,
				FFBF780026E74C7300E8F653 /* BarsView.swift */,
				FFBF780326E74F1C00E8F653 /* BlinkingView.swift */,
			);
			path = "Loading Animation";
			sourceTree = "<group>";
		};
		FFD4D711277C35AB009AF0A8 /* Attendance Web */ = {
			isa = PBXGroup;
			children = (
				FFD4D712277C36A9009AF0A8 /* AttendanceWebView.swift */,
			);
			path = "Attendance Web";
			sourceTree = "<group>";
		};
		FFD9E74A26CDEF3200362C24 = {
			isa = PBXGroup;
			children = (
				2BFCE2082796A5C000BA5505 /* Resource */,
				FFD9E75526CDEF3200362C24 /* HappyTime */,
				2B104F57279563250018C955 /* HappyTimeMac */,
				4307DD4528349A0C004074B5 /* WidgetView */,
				43B60A5B2885513000502B99 /* HappyTimeWatch */,
				43B60A662885513100502B99 /* HappyTimeWatch WatchKit Extension */,
				FFD9E75426CDEF3200362C24 /* Products */,
				5C01B481582B0193B65561A9 /* Pods */,
				D834EB6695D4534533451367 /* Frameworks */,
			);
			sourceTree = "<group>";
		};
		FFD9E75426CDEF3200362C24 /* Products */ = {
			isa = PBXGroup;
			children = (
				FFD9E75326CDEF3200362C24 /* HappyTime.app */,
				2B104F56279563250018C955 /* HappyTimeMac.app */,
				4307DD4028349A0C004074B5 /* WidgetViewExtension.appex */,
				43B60A5A2885513000502B99 /* HappyTimeWatch.app */,
				43B60A622885513100502B99 /* HappyTimeWatch WatchKit Extension.appex */,
			);
			name = Products;
			sourceTree = "<group>";
		};
		FFD9E75526CDEF3200362C24 /* HappyTime */ = {
			isa = PBXGroup;
			children = (
				FFD4D714277C706C009AF0A8 /* NotificationIcon.png */,
				FFD9E75626CDEF3200362C24 /* HappyTimeApp.swift */,
				FFAB1A44277D6B73007C5A5D /* AppDelegate.swift */,
				FFFF0BFC26D4DF410043ECE0 /* Model */,
				FFBB956726D49E960071ABD1 /* View */,
				FFBB956926D49EBB0071ABD1 /* Utility */,
				FFD9E75A26CDEF3300362C24 /* Assets.xcassets */,
				FFD9E75F26CDEF3300362C24 /* Info.plist */,
				FFD9E75C26CDEF3300362C24 /* Preview Content */,
			);
			path = HappyTime;
			sourceTree = "<group>";
		};
		FFD9E75C26CDEF3300362C24 /* Preview Content */ = {
			isa = PBXGroup;
			children = (
				FFD9E75D26CDEF3300362C24 /* Preview Assets.xcassets */,
			);
			path = "Preview Content";
			sourceTree = "<group>";
		};
		FFFF0BFC26D4DF410043ECE0 /* Model */ = {
			isa = PBXGroup;
			children = (
				FFFF0BFD26D4DF560043ECE0 /* ClockResponse.swift */,
				FFA6620526E21069004F061E /* AttendanceResponse.swift */,
			);
			path = Model;
			sourceTree = "<group>";
		};
/* End PBXGroup section */

/* Begin PBXNativeTarget section */
		2B104F55279563250018C955 /* HappyTimeMac */ = {
			isa = PBXNativeTarget;
			buildConfigurationList = 2B104F64279563260018C955 /* Build configuration list for PBXNativeTarget "HappyTimeMac" */;
			buildPhases = (
				369C288BDB139B89B65AAEF2 /* [CP] Check Pods Manifest.lock */,
				2B104F52279563250018C955 /* Sources */,
				2B104F53279563250018C955 /* Frameworks */,
				2B104F54279563250018C955 /* Resources */,
				C6A472C9F68B97CA419FB3B4 /* [CP] Embed Pods Frameworks */,
			);
			buildRules = (
			);
			dependencies = (
			);
			name = HappyTimeMac;
			productName = HappyTimeMac;
			productReference = 2B104F56279563250018C955 /* HappyTimeMac.app */;
			productType = "com.apple.product-type.application";
		};
		4307DD3F28349A0C004074B5 /* WidgetViewExtension */ = {
			isa = PBXNativeTarget;
			buildConfigurationList = 4307DD5128349A0D004074B5 /* Build configuration list for PBXNativeTarget "WidgetViewExtension" */;
			buildPhases = (
				4307DD3C28349A0C004074B5 /* Sources */,
				4307DD3D28349A0C004074B5 /* Frameworks */,
				4307DD3E28349A0C004074B5 /* Resources */,
			);
			buildRules = (
			);
			dependencies = (
			);
			name = WidgetViewExtension;
			productName = WidgetViewExtension;
			productReference = 4307DD4028349A0C004074B5 /* WidgetViewExtension.appex */;
			productType = "com.apple.product-type.app-extension";
		};
		43B60A592885513000502B99 /* HappyTimeWatch */ = {
			isa = PBXNativeTarget;
			buildConfigurationList = 43B60A822885513300502B99 /* Build configuration list for PBXNativeTarget "HappyTimeWatch" */;
			buildPhases = (
				43B60A582885513000502B99 /* Resources */,
				43B60A7E2885513300502B99 /* Embed App Extensions */,
				90C5BF6B3FA6283C150A8D9C /* Frameworks */,
			);
			buildRules = (
			);
			dependencies = (
				43B60A652885513100502B99 /* PBXTargetDependency */,
			);
			name = HappyTimeWatch;
			productName = HappyTimeWatch;
			productReference = 43B60A5A2885513000502B99 /* HappyTimeWatch.app */;
			productType = "com.apple.product-type.application.watchapp2";
		};
		43B60A612885513100502B99 /* HappyTimeWatch WatchKit Extension */ = {
			isa = PBXNativeTarget;
			buildConfigurationList = 43B60A812885513300502B99 /* Build configuration list for PBXNativeTarget "HappyTimeWatch WatchKit Extension" */;
			buildPhases = (
				43B60A5E2885513100502B99 /* Sources */,
				43B60A5F2885513100502B99 /* Frameworks */,
				43B60A602885513100502B99 /* Resources */,
			);
			buildRules = (
			);
			dependencies = (
			);
			name = "HappyTimeWatch WatchKit Extension";
			packageProductDependencies = (
				4321FA002886A593001D8241 /* FirebaseDatabase */,
				4321FA022886A593001D8241 /* FirebaseFirestore */,
				43BBE5422886AE5D00AAFC1A /* SwiftSoup */,
			);
			productName = "HappyTimeWatch WatchKit Extension";
			productReference = 43B60A622885513100502B99 /* HappyTimeWatch WatchKit Extension.appex */;
			productType = "com.apple.product-type.watchkit2-extension";
		};
		FFD9E75226CDEF3200362C24 /* HappyTime */ = {
			isa = PBXNativeTarget;
			buildConfigurationList = FFD9E76226CDEF3300362C24 /* Build configuration list for PBXNativeTarget "HappyTime" */;
			buildPhases = (
				6130814BA06C3221099D03FF /* [CP] Check Pods Manifest.lock */,
				FFD9E74F26CDEF3200362C24 /* Sources */,
				FFD9E75026CDEF3200362C24 /* Frameworks */,
				FFD9E75126CDEF3200362C24 /* Resources */,
				4307DD4E28349A0D004074B5 /* Embed App Extensions */,
				43B60A7B2885513300502B99 /* Embed Watch Content */,
				28E40FC4AA1B679BCE538638 /* [CP] Embed Pods Frameworks */,
			);
			buildRules = (
			);
			dependencies = (
				4307DD4C28349A0D004074B5 /* PBXTargetDependency */,
				43B60A792885513300502B99 /* PBXTargetDependency */,
			);
			name = HappyTime;
			productName = HappyTime;
			productReference = FFD9E75326CDEF3200362C24 /* HappyTime.app */;
			productType = "com.apple.product-type.application";
		};
/* End PBXNativeTarget section */

/* Begin PBXProject section */
		FFD9E74B26CDEF3200362C24 /* Project object */ = {
			isa = PBXProject;
			attributes = {
				LastSwiftUpdateCheck = 1330;
				LastUpgradeCheck = 1250;
				TargetAttributes = {
					2B104F55279563250018C955 = {
						CreatedOnToolsVersion = 13.1;
					};
					4307DD3F28349A0C004074B5 = {
						CreatedOnToolsVersion = 13.3.1;
					};
					43B60A592885513000502B99 = {
						CreatedOnToolsVersion = 13.3.1;
					};
					43B60A612885513100502B99 = {
						CreatedOnToolsVersion = 13.3.1;
					};
					FFD9E75226CDEF3200362C24 = {
						CreatedOnToolsVersion = 12.5.1;
					};
				};
			};
			buildConfigurationList = FFD9E74E26CDEF3200362C24 /* Build configuration list for PBXProject "HappyTime" */;
			compatibilityVersion = "Xcode 9.3";
			developmentRegion = en;
			hasScannedForEncodings = 0;
			knownRegions = (
				en,
				Base,
			);
			mainGroup = FFD9E74A26CDEF3200362C24;
			packageReferences = (
				4321F9FF2886A593001D8241 /* XCRemoteSwiftPackageReference "firebase-ios-sdk" */,
				43BBE5412886AE5D00AAFC1A /* XCRemoteSwiftPackageReference "SwiftSoup" */,
			);
			productRefGroup = FFD9E75426CDEF3200362C24 /* Products */;
			projectDirPath = "";
			projectRoot = "";
			targets = (
				FFD9E75226CDEF3200362C24 /* HappyTime */,
				2B104F55279563250018C955 /* HappyTimeMac */,
				4307DD3F28349A0C004074B5 /* WidgetViewExtension */,
				43B60A592885513000502B99 /* HappyTimeWatch */,
				43B60A612885513100502B99 /* HappyTimeWatch WatchKit Extension */,
			);
		};
/* End PBXProject section */

/* Begin PBXResourcesBuildPhase section */
		2B104F54279563250018C955 /* Resources */ = {
			isa = PBXResourcesBuildPhase;
			buildActionMask = 2147483647;
			files = (
				2B104F60279563260018C955 /* Preview Assets.xcassets in Resources */,
				2B104F5D279563260018C955 /* Assets.xcassets in Resources */,
				2B104F68279569990018C955 /* GoogleService-Info.plist in Resources */,
			);
			runOnlyForDeploymentPostprocessing = 0;
		};
		4307DD3E28349A0C004074B5 /* Resources */ = {
			isa = PBXResourcesBuildPhase;
			buildActionMask = 2147483647;
			files = (
				4307DD4928349A0D004074B5 /* Assets.xcassets in Resources */,
			);
			runOnlyForDeploymentPostprocessing = 0;
		};
		43B60A582885513000502B99 /* Resources */ = {
			isa = PBXResourcesBuildPhase;
			buildActionMask = 2147483647;
			files = (
				43B60A5D2885513100502B99 /* Assets.xcassets in Resources */,
			);
			runOnlyForDeploymentPostprocessing = 0;
		};
		43B60A602885513100502B99 /* Resources */ = {
			isa = PBXResourcesBuildPhase;
			buildActionMask = 2147483647;
			files = (
				43B60A752885513300502B99 /* Preview Assets.xcassets in Resources */,
				43B60A722885513300502B99 /* Assets.xcassets in Resources */,
				4330E82E288685420031B581 /* GoogleService-Info.plist in Resources */,
			);
			runOnlyForDeploymentPostprocessing = 0;
		};
		FFD9E75126CDEF3200362C24 /* Resources */ = {
			isa = PBXResourcesBuildPhase;
			buildActionMask = 2147483647;
			files = (
				FFD9E75E26CDEF3300362C24 /* Preview Assets.xcassets in Resources */,
				FFD4D715277C706C009AF0A8 /* NotificationIcon.png in Resources */,
				FFD9E75B26CDEF3300362C24 /* Assets.xcassets in Resources */,
				2BFCE20A2796A68300BA5505 /* GoogleService-Info.plist in Resources */,
			);
			runOnlyForDeploymentPostprocessing = 0;
		};
/* End PBXResourcesBuildPhase section */

/* Begin PBXShellScriptBuildPhase section */
		28E40FC4AA1B679BCE538638 /* [CP] Embed Pods Frameworks */ = {
			isa = PBXShellScriptBuildPhase;
			buildActionMask = 2147483647;
			files = (
			);
			inputFileListPaths = (
				"${PODS_ROOT}/Target Support Files/Pods-HappyTime/Pods-HappyTime-frameworks-${CONFIGURATION}-input-files.xcfilelist",
			);
			name = "[CP] Embed Pods Frameworks";
			outputFileListPaths = (
				"${PODS_ROOT}/Target Support Files/Pods-HappyTime/Pods-HappyTime-frameworks-${CONFIGURATION}-output-files.xcfilelist",
			);
			runOnlyForDeploymentPostprocessing = 0;
			shellPath = /bin/sh;
			shellScript = "\"${PODS_ROOT}/Target Support Files/Pods-HappyTime/Pods-HappyTime-frameworks.sh\"\n";
			showEnvVarsInLog = 0;
		};
		369C288BDB139B89B65AAEF2 /* [CP] Check Pods Manifest.lock */ = {
			isa = PBXShellScriptBuildPhase;
			buildActionMask = 2147483647;
			files = (
			);
			inputFileListPaths = (
			);
			inputPaths = (
				"${PODS_PODFILE_DIR_PATH}/Podfile.lock",
				"${PODS_ROOT}/Manifest.lock",
			);
			name = "[CP] Check Pods Manifest.lock";
			outputFileListPaths = (
			);
			outputPaths = (
				"$(DERIVED_FILE_DIR)/Pods-HappyTimeMac-checkManifestLockResult.txt",
			);
			runOnlyForDeploymentPostprocessing = 0;
			shellPath = /bin/sh;
			shellScript = "diff \"${PODS_PODFILE_DIR_PATH}/Podfile.lock\" \"${PODS_ROOT}/Manifest.lock\" > /dev/null\nif [ $? != 0 ] ; then\n    # print error to STDERR\n    echo \"error: The sandbox is not in sync with the Podfile.lock. Run 'pod install' or update your CocoaPods installation.\" >&2\n    exit 1\nfi\n# This output is used by Xcode 'outputs' to avoid re-running this script phase.\necho \"SUCCESS\" > \"${SCRIPT_OUTPUT_FILE_0}\"\n";
			showEnvVarsInLog = 0;
		};
		6130814BA06C3221099D03FF /* [CP] Check Pods Manifest.lock */ = {
			isa = PBXShellScriptBuildPhase;
			buildActionMask = 2147483647;
			files = (
			);
			inputFileListPaths = (
			);
			inputPaths = (
				"${PODS_PODFILE_DIR_PATH}/Podfile.lock",
				"${PODS_ROOT}/Manifest.lock",
			);
			name = "[CP] Check Pods Manifest.lock";
			outputFileListPaths = (
			);
			outputPaths = (
				"$(DERIVED_FILE_DIR)/Pods-HappyTime-checkManifestLockResult.txt",
			);
			runOnlyForDeploymentPostprocessing = 0;
			shellPath = /bin/sh;
			shellScript = "diff \"${PODS_PODFILE_DIR_PATH}/Podfile.lock\" \"${PODS_ROOT}/Manifest.lock\" > /dev/null\nif [ $? != 0 ] ; then\n    # print error to STDERR\n    echo \"error: The sandbox is not in sync with the Podfile.lock. Run 'pod install' or update your CocoaPods installation.\" >&2\n    exit 1\nfi\n# This output is used by Xcode 'outputs' to avoid re-running this script phase.\necho \"SUCCESS\" > \"${SCRIPT_OUTPUT_FILE_0}\"\n";
			showEnvVarsInLog = 0;
		};
		C6A472C9F68B97CA419FB3B4 /* [CP] Embed Pods Frameworks */ = {
			isa = PBXShellScriptBuildPhase;
			buildActionMask = 2147483647;
			files = (
			);
			inputFileListPaths = (
				"${PODS_ROOT}/Target Support Files/Pods-HappyTimeMac/Pods-HappyTimeMac-frameworks-${CONFIGURATION}-input-files.xcfilelist",
			);
			name = "[CP] Embed Pods Frameworks";
			outputFileListPaths = (
				"${PODS_ROOT}/Target Support Files/Pods-HappyTimeMac/Pods-HappyTimeMac-frameworks-${CONFIGURATION}-output-files.xcfilelist",
			);
			runOnlyForDeploymentPostprocessing = 0;
			shellPath = /bin/sh;
			shellScript = "\"${PODS_ROOT}/Target Support Files/Pods-HappyTimeMac/Pods-HappyTimeMac-frameworks.sh\"\n";
			showEnvVarsInLog = 0;
		};
/* End PBXShellScriptBuildPhase section */

/* Begin PBXSourcesBuildPhase section */
		2B104F52279563250018C955 /* Sources */ = {
			isa = PBXSourcesBuildPhase;
			buildActionMask = 2147483647;
			files = (
				2B104F76279582AA0018C955 /* Extension.swift in Sources */,
				2B104F72279581650018C955 /* WebService.swift in Sources */,
				2B104F75279582430018C955 /* AttendanceResponse.swift in Sources */,
				2B104F74279582130018C955 /* ClockResponse.swift in Sources */,
				2BD2F2F72795D113006FA94E /* Clock.swift in Sources */,
				2B104F6D279577B40018C955 /* User.swift in Sources */,
				4330E811288655F90031B581 /* MainViewModel_Realtime.swift in Sources */,
				2B104F7127957FC60018C955 /* TextFieldView.swift in Sources */,
				2B104F5B279563250018C955 /* MainView.swift in Sources */,
				2B104F59279563250018C955 /* HappyTimeMacApp.swift in Sources */,
				2B104F6A279574EB0018C955 /* MainViewModel.swift in Sources */,
			);
			runOnlyForDeploymentPostprocessing = 0;
		};
		4307DD3C28349A0C004074B5 /* Sources */ = {
			isa = PBXSourcesBuildPhase;
			buildActionMask = 2147483647;
			files = (
				4307DD4728349A0C004074B5 /* WidgetView.swift in Sources */,
				4307DD542834A52B004074B5 /* WidgetViewModel.swift in Sources */,
			);
			runOnlyForDeploymentPostprocessing = 0;
		};
		43B60A5E2885513100502B99 /* Sources */ = {
			isa = PBXSourcesBuildPhase;
			buildActionMask = 2147483647;
			files = (
				43BBE5402886AE1500AAFC1A /* WebService.swift in Sources */,
				43B60A6C2885513100502B99 /* NotificationController.swift in Sources */,
				4330E82D288684D30031B581 /* ClockResponse.swift in Sources */,
				43BBE5452886AEE000AAFC1A /* AttendanceResponse.swift in Sources */,
				43BA03942887B29800EC7755 /* UserDefaults+.swift in Sources */,
				4330E830288691530031B581 /* Clock.swift in Sources */,
				43B60A6A2885513100502B99 /* ContentView.swift in Sources */,
				43BBE5442886AEDA00AAFC1A /* Extension.swift in Sources */,
				43B60A8E2885646E00502B99 /* WatchViewModel.swift in Sources */,
				43B60A702885513100502B99 /* ComplicationController.swift in Sources */,
				43B60A682885513100502B99 /* HappyTimeApp.swift in Sources */,
				43B60A6E2885513100502B99 /* NotificationView.swift in Sources */,
			);
			runOnlyForDeploymentPostprocessing = 0;
		};
		FFD9E74F26CDEF3200362C24 /* Sources */ = {
			isa = PBXSourcesBuildPhase;
			buildActionMask = 2147483647;
			files = (
				FFD9E76A26CDF4B800362C24 /* TextFieldView.swift in Sources */,
				FFD4D710277C31D6009AF0A8 /* WebView.swift in Sources */,
				FFA6620626E21069004F061E /* AttendanceResponse.swift in Sources */,
				2BFCE21027995BB700BA5505 /* Clock.swift in Sources */,
				FFBF77FF26E7471300E8F653 /* ArcsView.swift in Sources */,
				FFD9E75726CDEF3200362C24 /* HappyTimeApp.swift in Sources */,
				2BFCE20E2796A7CB00BA5505 /* IPMainView.swift in Sources */,
				2BFCE20F2796A81900BA5505 /* IPMainViewModel.swift in Sources */,
				FFBF780126E74C7300E8F653 /* BarsView.swift in Sources */,
				FF95F77426CE5003005CE9D5 /* WebService.swift in Sources */,
				FFD4D713277C36A9009AF0A8 /* AttendanceWebView.swift in Sources */,
				FFBF77FD26E7433F00E8F653 /* LoadingView.swift in Sources */,
				FFD9E76826CDF3FF00362C24 /* ButtonView.swift in Sources */,
				4307DD532834A46F004074B5 /* WidgetViewModel.swift in Sources */,
				FFD9E76626CDEF6100362C24 /* MainView.swift in Sources */,
				FFAB1A45277D6B73007C5A5D /* AppDelegate.swift in Sources */,
				FF95F77226CE3B72005CE9D5 /* MainViewModel.swift in Sources */,
				FFB0DE1027829CD3006A0029 /* AppManager.swift in Sources */,
				FFFF0BFE26D4DF560043ECE0 /* ClockResponse.swift in Sources */,
				FFBB956626D48E8C0071ABD1 /* Extension.swift in Sources */,
				FFBF780426E74F1C00E8F653 /* BlinkingView.swift in Sources */,
				FFBF77FB26E73C8600E8F653 /* PunchView.swift in Sources */,
			);
			runOnlyForDeploymentPostprocessing = 0;
		};
/* End PBXSourcesBuildPhase section */

/* Begin PBXTargetDependency section */
		4307DD4C28349A0D004074B5 /* PBXTargetDependency */ = {
			isa = PBXTargetDependency;
			target = 4307DD3F28349A0C004074B5 /* WidgetViewExtension */;
			targetProxy = 4307DD4B28349A0D004074B5 /* PBXContainerItemProxy */;
		};
		43B60A652885513100502B99 /* PBXTargetDependency */ = {
			isa = PBXTargetDependency;
			target = 43B60A612885513100502B99 /* HappyTimeWatch WatchKit Extension */;
			targetProxy = 43B60A642885513100502B99 /* PBXContainerItemProxy */;
		};
		43B60A792885513300502B99 /* PBXTargetDependency */ = {
			isa = PBXTargetDependency;
			target = 43B60A592885513000502B99 /* HappyTimeWatch */;
			targetProxy = 43B60A782885513300502B99 /* PBXContainerItemProxy */;
		};
/* End PBXTargetDependency section */

/* Begin XCBuildConfiguration section */
		2B104F62279563260018C955 /* Debug */ = {
			isa = XCBuildConfiguration;
			baseConfigurationReference = DDE65A5AC90580F63E70475A /* Pods-HappyTimeMac.debug.xcconfig */;
			buildSettings = {
				ASSETCATALOG_COMPILER_APPICON_NAME = AppIcon;
				ASSETCATALOG_COMPILER_GLOBAL_ACCENT_COLOR_NAME = AccentColor;
				CLANG_CXX_LANGUAGE_STANDARD = "gnu++17";
				CODE_SIGN_ENTITLEMENTS = HappyTimeMac/HappyTimeMac.entitlements;
				CODE_SIGN_STYLE = Automatic;
				COMBINE_HIDPI_IMAGES = YES;
				CURRENT_PROJECT_VERSION = 1;
				DEVELOPMENT_ASSET_PATHS = "\"HappyTimeMac/Preview Content\"";
				DEVELOPMENT_TEAM = FH2889L9Z8;
				ENABLE_PREVIEWS = YES;
				GENERATE_INFOPLIST_FILE = YES;
				INFOPLIST_KEY_NSHumanReadableCopyright = "";
				LD_RUNPATH_SEARCH_PATHS = (
					"$(inherited)",
					"@executable_path/../Frameworks",
				);
				MACOSX_DEPLOYMENT_TARGET = 11.5;
				MARKETING_VERSION = 1.0;
				PRODUCT_BUNDLE_IDENTIFIER = com.patty.HappyTimeMac;
				PRODUCT_NAME = "$(TARGET_NAME)";
				SDKROOT = macosx;
				SWIFT_EMIT_LOC_STRINGS = YES;
				SWIFT_VERSION = 5.0;
			};
			name = Debug;
		};
		2B104F63279563260018C955 /* Release */ = {
			isa = XCBuildConfiguration;
			baseConfigurationReference = 9627B7EAA14843BA1593BBFC /* Pods-HappyTimeMac.release.xcconfig */;
			buildSettings = {
				ASSETCATALOG_COMPILER_APPICON_NAME = AppIcon;
				ASSETCATALOG_COMPILER_GLOBAL_ACCENT_COLOR_NAME = AccentColor;
				CLANG_CXX_LANGUAGE_STANDARD = "gnu++17";
				CODE_SIGN_ENTITLEMENTS = HappyTimeMac/HappyTimeMac.entitlements;
				CODE_SIGN_STYLE = Automatic;
				COMBINE_HIDPI_IMAGES = YES;
				CURRENT_PROJECT_VERSION = 1;
				DEVELOPMENT_ASSET_PATHS = "\"HappyTimeMac/Preview Content\"";
				DEVELOPMENT_TEAM = FH2889L9Z8;
				ENABLE_PREVIEWS = YES;
				GENERATE_INFOPLIST_FILE = YES;
				INFOPLIST_KEY_NSHumanReadableCopyright = "";
				LD_RUNPATH_SEARCH_PATHS = (
					"$(inherited)",
					"@executable_path/../Frameworks",
				);
				MACOSX_DEPLOYMENT_TARGET = 11.5;
				MARKETING_VERSION = 1.0;
				PRODUCT_BUNDLE_IDENTIFIER = com.patty.HappyTimeMac;
				PRODUCT_NAME = "$(TARGET_NAME)";
				SDKROOT = macosx;
				SWIFT_EMIT_LOC_STRINGS = YES;
				SWIFT_VERSION = 5.0;
			};
			name = Release;
		};
		4307DD4F28349A0D004074B5 /* Debug */ = {
			isa = XCBuildConfiguration;
			buildSettings = {
				ASSETCATALOG_COMPILER_GLOBAL_ACCENT_COLOR_NAME = AccentColor;
				ASSETCATALOG_COMPILER_WIDGET_BACKGROUND_COLOR_NAME = WidgetBackground;
				CLANG_CXX_LANGUAGE_STANDARD = "gnu++17";
				CODE_SIGN_IDENTITY = "Apple Development";
				CODE_SIGN_STYLE = Automatic;
				CURRENT_PROJECT_VERSION = 1;
				DEVELOPMENT_TEAM = FH2889L9Z8;
				GENERATE_INFOPLIST_FILE = YES;
				INFOPLIST_FILE = WidgetView/Info.plist;
				INFOPLIST_KEY_CFBundleDisplayName = WidgetView;
				INFOPLIST_KEY_NSHumanReadableCopyright = "";
				IPHONEOS_DEPLOYMENT_TARGET = 15.4;
				LD_RUNPATH_SEARCH_PATHS = (
					"$(inherited)",
					"@executable_path/Frameworks",
					"@executable_path/../../Frameworks",
				);
				MARKETING_VERSION = 1.0;
				PRODUCT_BUNDLE_IDENTIFIER = com.patty.PattyTime.WidgetView;
				PRODUCT_NAME = "$(TARGET_NAME)";
				SKIP_INSTALL = YES;
				SWIFT_EMIT_LOC_STRINGS = YES;
				SWIFT_VERSION = 5.0;
				TARGETED_DEVICE_FAMILY = "1,2";
			};
			name = Debug;
		};
		4307DD5028349A0D004074B5 /* Release */ = {
			isa = XCBuildConfiguration;
			buildSettings = {
				ASSETCATALOG_COMPILER_GLOBAL_ACCENT_COLOR_NAME = AccentColor;
				ASSETCATALOG_COMPILER_WIDGET_BACKGROUND_COLOR_NAME = WidgetBackground;
				CLANG_CXX_LANGUAGE_STANDARD = "gnu++17";
				CODE_SIGN_IDENTITY = "Apple Development";
				CODE_SIGN_STYLE = Automatic;
				CURRENT_PROJECT_VERSION = 1;
				DEVELOPMENT_TEAM = FH2889L9Z8;
				GENERATE_INFOPLIST_FILE = YES;
				INFOPLIST_FILE = WidgetView/Info.plist;
				INFOPLIST_KEY_CFBundleDisplayName = WidgetView;
				INFOPLIST_KEY_NSHumanReadableCopyright = "";
				IPHONEOS_DEPLOYMENT_TARGET = 15.4;
				LD_RUNPATH_SEARCH_PATHS = (
					"$(inherited)",
					"@executable_path/Frameworks",
					"@executable_path/../../Frameworks",
				);
				MARKETING_VERSION = 1.0;
				PRODUCT_BUNDLE_IDENTIFIER = com.patty.PattyTime.WidgetView;
				PRODUCT_NAME = "$(TARGET_NAME)";
				SKIP_INSTALL = YES;
				SWIFT_EMIT_LOC_STRINGS = YES;
				SWIFT_VERSION = 5.0;
				TARGETED_DEVICE_FAMILY = "1,2";
			};
			name = Release;
		};
		43B60A7C2885513300502B99 /* Debug */ = {
			isa = XCBuildConfiguration;
			buildSettings = {
				ALWAYS_EMBED_SWIFT_STANDARD_LIBRARIES = YES;
				ASSETCATALOG_COMPILER_APPICON_NAME = AppIcon;
				ASSETCATALOG_COMPILER_GLOBAL_ACCENT_COLOR_NAME = AccentColor;
				CLANG_CXX_LANGUAGE_STANDARD = "gnu++17";
				CODE_SIGN_IDENTITY = "Apple Development";
				CODE_SIGN_STYLE = Automatic;
				CURRENT_PROJECT_VERSION = 1;
				DEVELOPMENT_TEAM = FH2889L9Z8;
				GENERATE_INFOPLIST_FILE = YES;
				IBSC_MODULE = HappyTimeWatch_WatchKit_Extension;
				INFOPLIST_KEY_CFBundleDisplayName = HappyTimeWatch;
				INFOPLIST_KEY_UISupportedInterfaceOrientations = "UIInterfaceOrientationPortrait UIInterfaceOrientationPortraitUpsideDown";
				INFOPLIST_KEY_WKCompanionAppBundleIdentifier = com.patty.PattyTime;
				MARKETING_VERSION = 1.0;
				PRODUCT_BUNDLE_IDENTIFIER = com.patty.PattyTime.watchkitapp;
				PRODUCT_NAME = "$(TARGET_NAME)";
				SDKROOT = watchos;
				SKIP_INSTALL = YES;
				SWIFT_EMIT_LOC_STRINGS = YES;
				SWIFT_VERSION = 5.0;
				TARGETED_DEVICE_FAMILY = 4;
				WATCHOS_DEPLOYMENT_TARGET = 8.5;
			};
			name = Debug;
		};
		43B60A7D2885513300502B99 /* Release */ = {
			isa = XCBuildConfiguration;
			buildSettings = {
				ALWAYS_EMBED_SWIFT_STANDARD_LIBRARIES = YES;
				ASSETCATALOG_COMPILER_APPICON_NAME = AppIcon;
				ASSETCATALOG_COMPILER_GLOBAL_ACCENT_COLOR_NAME = AccentColor;
				CLANG_CXX_LANGUAGE_STANDARD = "gnu++17";
				CODE_SIGN_IDENTITY = "Apple Development";
				CODE_SIGN_STYLE = Automatic;
				CURRENT_PROJECT_VERSION = 1;
				DEVELOPMENT_TEAM = FH2889L9Z8;
				GENERATE_INFOPLIST_FILE = YES;
				IBSC_MODULE = HappyTimeWatch_WatchKit_Extension;
				INFOPLIST_KEY_CFBundleDisplayName = HappyTimeWatch;
				INFOPLIST_KEY_UISupportedInterfaceOrientations = "UIInterfaceOrientationPortrait UIInterfaceOrientationPortraitUpsideDown";
				INFOPLIST_KEY_WKCompanionAppBundleIdentifier = com.patty.PattyTime;
				MARKETING_VERSION = 1.0;
				PRODUCT_BUNDLE_IDENTIFIER = com.patty.PattyTime.watchkitapp;
				PRODUCT_NAME = "$(TARGET_NAME)";
				SDKROOT = watchos;
				SKIP_INSTALL = YES;
				SWIFT_EMIT_LOC_STRINGS = YES;
				SWIFT_VERSION = 5.0;
				TARGETED_DEVICE_FAMILY = 4;
				WATCHOS_DEPLOYMENT_TARGET = 8.5;
			};
			name = Release;
		};
		43B60A7F2885513300502B99 /* Debug */ = {
			isa = XCBuildConfiguration;
			buildSettings = {
				ASSETCATALOG_COMPILER_COMPLICATION_NAME = Complication;
				CLANG_CXX_LANGUAGE_STANDARD = "gnu++17";
				CODE_SIGN_STYLE = Automatic;
				CURRENT_PROJECT_VERSION = 1;
				DEVELOPMENT_ASSET_PATHS = "\"HappyTimeWatch WatchKit Extension/Preview Content\"";
				DEVELOPMENT_TEAM = FH2889L9Z8;
				ENABLE_PREVIEWS = YES;
				GENERATE_INFOPLIST_FILE = YES;
				INFOPLIST_FILE = "HappyTimeWatch WatchKit Extension/Info.plist";
				INFOPLIST_KEY_CFBundleDisplayName = "HappyTimeWatch WatchKit Extension";
				INFOPLIST_KEY_CLKComplicationPrincipalClass = "$(PRODUCT_MODULE_NAME).ComplicationController";
				INFOPLIST_KEY_NSHumanReadableCopyright = "";
				LD_RUNPATH_SEARCH_PATHS = (
					"$(inherited)",
					"@executable_path/Frameworks",
					"@executable_path/../../Frameworks",
				);
				MARKETING_VERSION = 1.0;
				PRODUCT_BUNDLE_IDENTIFIER = com.patty.PattyTime.watchkitapp.watchkitextension;
				PRODUCT_NAME = "${TARGET_NAME}";
				SDKROOT = watchos;
				SKIP_INSTALL = YES;
				SWIFT_EMIT_LOC_STRINGS = YES;
				SWIFT_VERSION = 5.0;
				TARGETED_DEVICE_FAMILY = 4;
				WATCHOS_DEPLOYMENT_TARGET = 8.5;
			};
			name = Debug;
		};
		43B60A802885513300502B99 /* Release */ = {
			isa = XCBuildConfiguration;
			buildSettings = {
				ASSETCATALOG_COMPILER_COMPLICATION_NAME = Complication;
				CLANG_CXX_LANGUAGE_STANDARD = "gnu++17";
				CODE_SIGN_STYLE = Automatic;
				CURRENT_PROJECT_VERSION = 1;
				DEVELOPMENT_ASSET_PATHS = "\"HappyTimeWatch WatchKit Extension/Preview Content\"";
				DEVELOPMENT_TEAM = FH2889L9Z8;
				ENABLE_PREVIEWS = YES;
				GENERATE_INFOPLIST_FILE = YES;
				INFOPLIST_FILE = "HappyTimeWatch WatchKit Extension/Info.plist";
				INFOPLIST_KEY_CFBundleDisplayName = "HappyTimeWatch WatchKit Extension";
				INFOPLIST_KEY_CLKComplicationPrincipalClass = "$(PRODUCT_MODULE_NAME).ComplicationController";
				INFOPLIST_KEY_NSHumanReadableCopyright = "";
				LD_RUNPATH_SEARCH_PATHS = (
					"$(inherited)",
					"@executable_path/Frameworks",
					"@executable_path/../../Frameworks",
				);
				MARKETING_VERSION = 1.0;
				PRODUCT_BUNDLE_IDENTIFIER = com.patty.PattyTime.watchkitapp.watchkitextension;
				PRODUCT_NAME = "${TARGET_NAME}";
				SDKROOT = watchos;
				SKIP_INSTALL = YES;
				SWIFT_EMIT_LOC_STRINGS = YES;
				SWIFT_VERSION = 5.0;
				TARGETED_DEVICE_FAMILY = 4;
				WATCHOS_DEPLOYMENT_TARGET = 8.5;
			};
			name = Release;
		};
		FFD9E76026CDEF3300362C24 /* Debug */ = {
			isa = XCBuildConfiguration;
			buildSettings = {
				ALWAYS_SEARCH_USER_PATHS = NO;
				CLANG_ANALYZER_NONNULL = YES;
				CLANG_ANALYZER_NUMBER_OBJECT_CONVERSION = YES_AGGRESSIVE;
				CLANG_CXX_LANGUAGE_STANDARD = "gnu++14";
				CLANG_CXX_LIBRARY = "libc++";
				CLANG_ENABLE_MODULES = YES;
				CLANG_ENABLE_OBJC_ARC = YES;
				CLANG_ENABLE_OBJC_WEAK = YES;
				CLANG_WARN_BLOCK_CAPTURE_AUTORELEASING = YES;
				CLANG_WARN_BOOL_CONVERSION = YES;
				CLANG_WARN_COMMA = YES;
				CLANG_WARN_CONSTANT_CONVERSION = YES;
				CLANG_WARN_DEPRECATED_OBJC_IMPLEMENTATIONS = YES;
				CLANG_WARN_DIRECT_OBJC_ISA_USAGE = YES_ERROR;
				CLANG_WARN_DOCUMENTATION_COMMENTS = YES;
				CLANG_WARN_EMPTY_BODY = YES;
				CLANG_WARN_ENUM_CONVERSION = YES;
				CLANG_WARN_INFINITE_RECURSION = YES;
				CLANG_WARN_INT_CONVERSION = YES;
				CLANG_WARN_NON_LITERAL_NULL_CONVERSION = YES;
				CLANG_WARN_OBJC_IMPLICIT_RETAIN_SELF = YES;
				CLANG_WARN_OBJC_LITERAL_CONVERSION = YES;
				CLANG_WARN_OBJC_ROOT_CLASS = YES_ERROR;
				CLANG_WARN_QUOTED_INCLUDE_IN_FRAMEWORK_HEADER = YES;
				CLANG_WARN_RANGE_LOOP_ANALYSIS = YES;
				CLANG_WARN_STRICT_PROTOTYPES = YES;
				CLANG_WARN_SUSPICIOUS_MOVE = YES;
				CLANG_WARN_UNGUARDED_AVAILABILITY = YES_AGGRESSIVE;
				CLANG_WARN_UNREACHABLE_CODE = YES;
				CLANG_WARN__DUPLICATE_METHOD_MATCH = YES;
				COPY_PHASE_STRIP = NO;
				DEBUG_INFORMATION_FORMAT = dwarf;
				ENABLE_STRICT_OBJC_MSGSEND = YES;
				ENABLE_TESTABILITY = YES;
				GCC_C_LANGUAGE_STANDARD = gnu11;
				GCC_DYNAMIC_NO_PIC = NO;
				GCC_NO_COMMON_BLOCKS = YES;
				GCC_OPTIMIZATION_LEVEL = 0;
				GCC_PREPROCESSOR_DEFINITIONS = (
					"DEBUG=1",
					"$(inherited)",
				);
				GCC_WARN_64_TO_32_BIT_CONVERSION = YES;
				GCC_WARN_ABOUT_RETURN_TYPE = YES_ERROR;
				GCC_WARN_UNDECLARED_SELECTOR = YES;
				GCC_WARN_UNINITIALIZED_AUTOS = YES_AGGRESSIVE;
				GCC_WARN_UNUSED_FUNCTION = YES;
				GCC_WARN_UNUSED_VARIABLE = YES;
				IPHONEOS_DEPLOYMENT_TARGET = 14.5;
				MTL_ENABLE_DEBUG_INFO = INCLUDE_SOURCE;
				MTL_FAST_MATH = YES;
				ONLY_ACTIVE_ARCH = YES;
				SDKROOT = iphoneos;
				SWIFT_ACTIVE_COMPILATION_CONDITIONS = DEBUG;
				SWIFT_OPTIMIZATION_LEVEL = "-Onone";
			};
			name = Debug;
		};
		FFD9E76126CDEF3300362C24 /* Release */ = {
			isa = XCBuildConfiguration;
			buildSettings = {
				ALWAYS_SEARCH_USER_PATHS = NO;
				CLANG_ANALYZER_NONNULL = YES;
				CLANG_ANALYZER_NUMBER_OBJECT_CONVERSION = YES_AGGRESSIVE;
				CLANG_CXX_LANGUAGE_STANDARD = "gnu++14";
				CLANG_CXX_LIBRARY = "libc++";
				CLANG_ENABLE_MODULES = YES;
				CLANG_ENABLE_OBJC_ARC = YES;
				CLANG_ENABLE_OBJC_WEAK = YES;
				CLANG_WARN_BLOCK_CAPTURE_AUTORELEASING = YES;
				CLANG_WARN_BOOL_CONVERSION = YES;
				CLANG_WARN_COMMA = YES;
				CLANG_WARN_CONSTANT_CONVERSION = YES;
				CLANG_WARN_DEPRECATED_OBJC_IMPLEMENTATIONS = YES;
				CLANG_WARN_DIRECT_OBJC_ISA_USAGE = YES_ERROR;
				CLANG_WARN_DOCUMENTATION_COMMENTS = YES;
				CLANG_WARN_EMPTY_BODY = YES;
				CLANG_WARN_ENUM_CONVERSION = YES;
				CLANG_WARN_INFINITE_RECURSION = YES;
				CLANG_WARN_INT_CONVERSION = YES;
				CLANG_WARN_NON_LITERAL_NULL_CONVERSION = YES;
				CLANG_WARN_OBJC_IMPLICIT_RETAIN_SELF = YES;
				CLANG_WARN_OBJC_LITERAL_CONVERSION = YES;
				CLANG_WARN_OBJC_ROOT_CLASS = YES_ERROR;
				CLANG_WARN_QUOTED_INCLUDE_IN_FRAMEWORK_HEADER = YES;
				CLANG_WARN_RANGE_LOOP_ANALYSIS = YES;
				CLANG_WARN_STRICT_PROTOTYPES = YES;
				CLANG_WARN_SUSPICIOUS_MOVE = YES;
				CLANG_WARN_UNGUARDED_AVAILABILITY = YES_AGGRESSIVE;
				CLANG_WARN_UNREACHABLE_CODE = YES;
				CLANG_WARN__DUPLICATE_METHOD_MATCH = YES;
				COPY_PHASE_STRIP = NO;
				DEBUG_INFORMATION_FORMAT = "dwarf-with-dsym";
				ENABLE_NS_ASSERTIONS = NO;
				ENABLE_STRICT_OBJC_MSGSEND = YES;
				GCC_C_LANGUAGE_STANDARD = gnu11;
				GCC_NO_COMMON_BLOCKS = YES;
				GCC_WARN_64_TO_32_BIT_CONVERSION = YES;
				GCC_WARN_ABOUT_RETURN_TYPE = YES_ERROR;
				GCC_WARN_UNDECLARED_SELECTOR = YES;
				GCC_WARN_UNINITIALIZED_AUTOS = YES_AGGRESSIVE;
				GCC_WARN_UNUSED_FUNCTION = YES;
				GCC_WARN_UNUSED_VARIABLE = YES;
				IPHONEOS_DEPLOYMENT_TARGET = 14.5;
				MTL_ENABLE_DEBUG_INFO = NO;
				MTL_FAST_MATH = YES;
				SDKROOT = iphoneos;
				SWIFT_COMPILATION_MODE = wholemodule;
				SWIFT_OPTIMIZATION_LEVEL = "-O";
				VALIDATE_PRODUCT = YES;
			};
			name = Release;
		};
		FFD9E76326CDEF3300362C24 /* Debug */ = {
			isa = XCBuildConfiguration;
			baseConfigurationReference = C99518441F02D049608D9FBF /* Pods-HappyTime.debug.xcconfig */;
			buildSettings = {
				ALWAYS_EMBED_SWIFT_STANDARD_LIBRARIES = YES;
				ASSETCATALOG_COMPILER_APPICON_NAME = AppIcon;
				ASSETCATALOG_COMPILER_GLOBAL_ACCENT_COLOR_NAME = AccentColor;
				CODE_SIGN_IDENTITY = "Apple Development";
				CODE_SIGN_STYLE = Automatic;
				CURRENT_PROJECT_VERSION = 5;
				DEVELOPMENT_ASSET_PATHS = "\"HappyTime/Preview Content\"";
				DEVELOPMENT_TEAM = FH2889L9Z8;
				ENABLE_PREVIEWS = YES;
				INFOPLIST_FILE = HappyTime/Info.plist;
				IPHONEOS_DEPLOYMENT_TARGET = 14.0;
				LD_RUNPATH_SEARCH_PATHS = (
					"$(inherited)",
					"@executable_path/Frameworks",
				);
				MARKETING_VERSION = 1.0;
				PRODUCT_BUNDLE_IDENTIFIER = com.patty.PattyTime;
				PRODUCT_NAME = "$(TARGET_NAME)";
				PROVISIONING_PROFILE_SPECIFIER = "";
				SWIFT_VERSION = 5.0;
				TARGETED_DEVICE_FAMILY = 1;
			};
			name = Debug;
		};
		FFD9E76426CDEF3300362C24 /* Release */ = {
			isa = XCBuildConfiguration;
			baseConfigurationReference = F8823F04EBA048D2E1E12D82 /* Pods-HappyTime.release.xcconfig */;
			buildSettings = {
				ALWAYS_EMBED_SWIFT_STANDARD_LIBRARIES = YES;
				ASSETCATALOG_COMPILER_APPICON_NAME = AppIcon;
				ASSETCATALOG_COMPILER_GLOBAL_ACCENT_COLOR_NAME = AccentColor;
				CODE_SIGN_ENTITLEMENTS = HappyTime/HappyTimeRelease.entitlements;
				CODE_SIGN_IDENTITY = "Apple Development";
				CODE_SIGN_STYLE = Automatic;
				CURRENT_PROJECT_VERSION = 5;
				DEVELOPMENT_ASSET_PATHS = "\"HappyTime/Preview Content\"";
				DEVELOPMENT_TEAM = FH2889L9Z8;
				ENABLE_PREVIEWS = YES;
				INFOPLIST_FILE = HappyTime/Info.plist;
				IPHONEOS_DEPLOYMENT_TARGET = 14.0;
				LD_RUNPATH_SEARCH_PATHS = (
					"$(inherited)",
					"@executable_path/Frameworks",
				);
				MARKETING_VERSION = 1.0;
				PRODUCT_BUNDLE_IDENTIFIER = com.patty.PattyTime;
				PRODUCT_NAME = "$(TARGET_NAME)";
				PROVISIONING_PROFILE_SPECIFIER = "";
				SWIFT_VERSION = 5.0;
				TARGETED_DEVICE_FAMILY = 1;
			};
			name = Release;
		};
/* End XCBuildConfiguration section */

/* Begin XCConfigurationList section */
		2B104F64279563260018C955 /* Build configuration list for PBXNativeTarget "HappyTimeMac" */ = {
			isa = XCConfigurationList;
			buildConfigurations = (
				2B104F62279563260018C955 /* Debug */,
				2B104F63279563260018C955 /* Release */,
			);
			defaultConfigurationIsVisible = 0;
			defaultConfigurationName = Release;
		};
		4307DD5128349A0D004074B5 /* Build configuration list for PBXNativeTarget "WidgetViewExtension" */ = {
			isa = XCConfigurationList;
			buildConfigurations = (
				4307DD4F28349A0D004074B5 /* Debug */,
				4307DD5028349A0D004074B5 /* Release */,
			);
			defaultConfigurationIsVisible = 0;
			defaultConfigurationName = Release;
		};
		43B60A812885513300502B99 /* Build configuration list for PBXNativeTarget "HappyTimeWatch WatchKit Extension" */ = {
			isa = XCConfigurationList;
			buildConfigurations = (
				43B60A7F2885513300502B99 /* Debug */,
				43B60A802885513300502B99 /* Release */,
			);
			defaultConfigurationIsVisible = 0;
			defaultConfigurationName = Release;
		};
		43B60A822885513300502B99 /* Build configuration list for PBXNativeTarget "HappyTimeWatch" */ = {
			isa = XCConfigurationList;
			buildConfigurations = (
				43B60A7C2885513300502B99 /* Debug */,
				43B60A7D2885513300502B99 /* Release */,
			);
			defaultConfigurationIsVisible = 0;
			defaultConfigurationName = Release;
		};
		FFD9E74E26CDEF3200362C24 /* Build configuration list for PBXProject "HappyTime" */ = {
			isa = XCConfigurationList;
			buildConfigurations = (
				FFD9E76026CDEF3300362C24 /* Debug */,
				FFD9E76126CDEF3300362C24 /* Release */,
			);
			defaultConfigurationIsVisible = 0;
			defaultConfigurationName = Release;
		};
		FFD9E76226CDEF3300362C24 /* Build configuration list for PBXNativeTarget "HappyTime" */ = {
			isa = XCConfigurationList;
			buildConfigurations = (
				FFD9E76326CDEF3300362C24 /* Debug */,
				FFD9E76426CDEF3300362C24 /* Release */,
			);
			defaultConfigurationIsVisible = 0;
			defaultConfigurationName = Release;
		};
/* End XCConfigurationList section */

/* Begin XCRemoteSwiftPackageReference section */
		4321F9FF2886A593001D8241 /* XCRemoteSwiftPackageReference "firebase-ios-sdk" */ = {
			isa = XCRemoteSwiftPackageReference;
			repositoryURL = "https://github.com/firebase/firebase-ios-sdk.git";
			requirement = {
				kind = upToNextMajorVersion;
				minimumVersion = 8.0.0;
			};
		};
		43BBE5412886AE5D00AAFC1A /* XCRemoteSwiftPackageReference "SwiftSoup" */ = {
			isa = XCRemoteSwiftPackageReference;
			repositoryURL = "https://github.com/scinfu/SwiftSoup.git";
			requirement = {
				kind = upToNextMajorVersion;
				minimumVersion = 2.0.0;
			};
		};
/* End XCRemoteSwiftPackageReference section */

/* Begin XCSwiftPackageProductDependency section */
		4321FA002886A593001D8241 /* FirebaseDatabase */ = {
			isa = XCSwiftPackageProductDependency;
			package = 4321F9FF2886A593001D8241 /* XCRemoteSwiftPackageReference "firebase-ios-sdk" */;
			productName = FirebaseDatabase;
		};
		4321FA022886A593001D8241 /* FirebaseFirestore */ = {
			isa = XCSwiftPackageProductDependency;
			package = 4321F9FF2886A593001D8241 /* XCRemoteSwiftPackageReference "firebase-ios-sdk" */;
			productName = FirebaseFirestore;
		};
		43BBE5422886AE5D00AAFC1A /* SwiftSoup */ = {
			isa = XCSwiftPackageProductDependency;
			package = 43BBE5412886AE5D00AAFC1A /* XCRemoteSwiftPackageReference "SwiftSoup" */;
			productName = SwiftSoup;
		};
/* End XCSwiftPackageProductDependency section */
	};
	rootObject = FFD9E74B26CDEF3200362C24 /* Project object */;
}
